{
  "nodes": {
    "emacs-overlay": {
      "inputs": {
        "flake-utils": "flake-utils",
        "nixpkgs": [
          "nixpkgs"
        ],
        "nixpkgs-stable": "nixpkgs-stable"
      },
      "locked": {
        "lastModified": 1727454095,
        "narHash": "sha256-Nhxk4sv4Wmymbc7PSpKBWLFcNeqSHx33ZSmlqPyL/mY=",
        "owner": "nix-community",
        "repo": "emacs-overlay",
        "rev": "cbd5ad1b0cd6b709c5089c5778b449dcf2281d28",
        "type": "github"
      },
      "original": {
        "owner": "nix-community",
        "repo": "emacs-overlay",
        "type": "github"
      }
    },
    "flake-parts": {
      "inputs": {
        "nixpkgs-lib": [
          "nixpkgs-lib"
        ]
      },
      "locked": {
        "lastModified": 1726153070,
        "narHash": "sha256-HO4zgY0ekfwO5bX0QH/3kJ/h4KvUDFZg8YpkNwIbg1U=",
        "owner": "hercules-ci",
        "repo": "flake-parts",
        "rev": "bcef6817a8b2aa20a5a6dbb19b43e63c5bf8619a",
        "type": "github"
      },
      "original": {
        "owner": "hercules-ci",
        "repo": "flake-parts",
        "type": "github"
      }
    },
    "flake-utils": {
      "inputs": {
        "systems": "systems"
      },
      "locked": {
        "lastModified": 1726560853,
        "narHash": "sha256-X6rJYSESBVr3hBoH0WbKE5KvhPU5bloyZ2L4K60/fPQ=",
        "owner": "numtide",
        "repo": "flake-utils",
        "rev": "c1dfcf08411b08f6b8615f7d8971a2bfa81d5e8a",
        "type": "github"
      },
      "original": {
        "owner": "numtide",
        "repo": "flake-utils",
        "type": "github"
      }
    },
    "linux-jhovold-6-10": {
      "flake": false,
      "locked": {
        "lastModified": 1721028695,
        "narHash": "sha256-i/asVNdPvhtD8NWTFCKoQuXFn+q5LiK83R92tEiIZPQ=",
        "ref": "wip/sc8280xp-6.10",
        "rev": "f0239008542ebdcd4a94755124b5700649df5c39",
        "revCount": 1281560,
        "type": "git",
        "url": "https://github.com/jhovold/linux"
      },
      "original": {
        "ref": "wip/sc8280xp-6.10",
        "type": "git",
        "url": "https://github.com/jhovold/linux"
      }
    },
    "linux-jhovold-6-11": {
      "flake": false,
      "locked": {
        "lastModified": 1725863301,
        "narHash": "sha256-xOrmt5FyuQxFEWHJRU2IB/Wr4B5QANju6O1ykSDCwYQ=",
        "ref": "wip/sc8280xp-6.11-rc7",
        "rev": "67bfac6ca1b558df9d5d018298ac425188994ab7",
        "revCount": 1296531,
        "type": "git",
        "url": "https://github.com/jhovold/linux"
      },
      "original": {
        "ref": "wip/sc8280xp-6.11-rc7",
        "type": "git",
        "url": "https://github.com/jhovold/linux"
      }
    },
    "nixpkgs": {
      "locked": {
        "lastModified": 1727122398,
        "narHash": "sha256-o8VBeCWHBxGd4kVMceIayf5GApqTavJbTa44Xcg5Rrk=",
        "owner": "NixOS",
        "repo": "nixpkgs",
        "rev": "30439d93eb8b19861ccbe3e581abf97bdc91b093",
        "type": "github"
      },
      "original": {
        "owner": "NixOS",
        "ref": "nixos-unstable",
        "repo": "nixpkgs",
        "type": "github"
      }
    },
    "nixpkgs-lib": {
      "locked": {
        "dir": "lib",
        "lastModified": 1727122398,
        "narHash": "sha256-o8VBeCWHBxGd4kVMceIayf5GApqTavJbTa44Xcg5Rrk=",
        "owner": "NixOS",
        "repo": "nixpkgs",
        "rev": "30439d93eb8b19861ccbe3e581abf97bdc91b093",
        "type": "github"
      },
      "original": {
        "dir": "lib",
        "owner": "NixOS",
        "ref": "nixos-unstable",
        "repo": "nixpkgs",
        "type": "github"
      }
    },
    "nixpkgs-stable": {
      "locked": {
        "lastModified": 1727264057,
        "narHash": "sha256-KQPI8CTTnB9CrJ7LrmLC4VWbKZfljEPBXOFGZFRpxao=",
        "owner": "NixOS",
        "repo": "nixpkgs",
        "rev": "759537f06e6999e141588ff1c9be7f3a5c060106",
        "type": "github"
      },
      "original": {
        "owner": "NixOS",
        "ref": "nixos-24.05",
        "repo": "nixpkgs",
        "type": "github"
      }
    },
    "root": {
      "inputs": {
        "emacs-overlay": "emacs-overlay",
        "flake-parts": "flake-parts",
        "linux-jhovold-6-10": "linux-jhovold-6-10",
        "linux-jhovold-6-11": "linux-jhovold-6-11",
        "nixpkgs": "nixpkgs",
        "nixpkgs-lib": "nixpkgs-lib",
        "rust-overlay": "rust-overlay"
      }
    },
    "rust-overlay": {
      "inputs": {
        "nixpkgs": [
          "nixpkgs"
        ]
      },
      "locked": {
        "lastModified": 1727404165,
        "narHash": "sha256-kZCiYpQJBZ3kL9QymS88mCxpQwqo8KqvZeHk6LATuY8=",
        "owner": "oxalica",
        "repo": "rust-overlay",
        "rev": "76f0a61e733259e1034dd6523e039d04932ffefc",
        "type": "github"
      },
      "original": {
        "owner": "oxalica",
        "repo": "rust-overlay",
        "type": "github"
      }
    },
    "systems": {
      "locked": {
        "lastModified": 1681028828,
        "narHash": "sha256-Vy1rq5AaRuLzOxct8nz4T6wlgyUR7zLU309k9mBC768=",
        "owner": "nix-systems",
        "repo": "default",
        "rev": "da67096a3b9bf56a91d16901293e51ba5b49a27e",
        "type": "github"
      },
      "original": {
        "owner": "nix-systems",
        "repo": "default",
        "type": "github"
      }
    }
  },
  "root": "root",
  "version": 7
}
