{
  "nodes": {
    "emacs-overlay": {
      "inputs": {
        "flake-utils": "flake-utils",
        "nixpkgs": [
          "nixpkgs"
        ],
        "nixpkgs-stable": "nixpkgs-stable"
      },
      "locked": {
        "lastModified": 1728490894,
        "narHash": "sha256-mDSslhiq7ueiGUYP7FGHthdMEGk/M9w+gD+HCAZXmzM=",
        "owner": "nix-community",
        "repo": "emacs-overlay",
        "rev": "ba55c2fd8703a7873347d7aebb69d3225401e70b",
        "type": "github"
      },
      "original": {
        "owner": "nix-community",
        "repo": "emacs-overlay",
        "type": "github"
      }
    },
    "flake-parts": {
      "inputs": {
        "nixpkgs-lib": [
          "nixpkgs-lib"
        ]
      },
      "locked": {
        "lastModified": 1727826117,
        "narHash": "sha256-K5ZLCyfO/Zj9mPFldf3iwS6oZStJcU4tSpiXTMYaaL0=",
        "owner": "hercules-ci",
        "repo": "flake-parts",
        "rev": "3d04084d54bedc3d6b8b736c70ef449225c361b1",
        "type": "github"
      },
      "original": {
        "owner": "hercules-ci",
        "repo": "flake-parts",
        "type": "github"
      }
    },
    "flake-utils": {
      "inputs": {
        "systems": "systems"
      },
      "locked": {
        "lastModified": 1726560853,
        "narHash": "sha256-X6rJYSESBVr3hBoH0WbKE5KvhPU5bloyZ2L4K60/fPQ=",
        "owner": "numtide",
        "repo": "flake-utils",
        "rev": "c1dfcf08411b08f6b8615f7d8971a2bfa81d5e8a",
        "type": "github"
      },
      "original": {
        "owner": "numtide",
        "repo": "flake-utils",
        "type": "github"
      }
    },
    "linux-jhovold-6-10": {
      "flake": false,
      "locked": {
        "lastModified": 1721028695,
        "narHash": "sha256-i/asVNdPvhtD8NWTFCKoQuXFn+q5LiK83R92tEiIZPQ=",
        "ref": "wip/sc8280xp-6.10",
        "rev": "f0239008542ebdcd4a94755124b5700649df5c39",
        "revCount": 1281560,
        "type": "git",
        "url": "https://github.com/jhovold/linux"
      },
      "original": {
        "ref": "wip/sc8280xp-6.10",
        "type": "git",
        "url": "https://github.com/jhovold/linux"
      }
    },
    "linux-jhovold-6-11": {
      "flake": false,
      "locked": {
        "lastModified": 1725863301,
        "narHash": "sha256-xOrmt5FyuQxFEWHJRU2IB/Wr4B5QANju6O1ykSDCwYQ=",
        "ref": "wip/sc8280xp-6.11-rc7",
        "rev": "67bfac6ca1b558df9d5d018298ac425188994ab7",
        "revCount": 1296531,
        "type": "git",
        "url": "https://github.com/jhovold/linux"
      },
      "original": {
        "ref": "wip/sc8280xp-6.11-rc7",
        "type": "git",
        "url": "https://github.com/jhovold/linux"
      }
    },
    "nixpkgs": {
      "locked": {
        "lastModified": 1728241625,
        "narHash": "sha256-yumd4fBc/hi8a9QgA9IT8vlQuLZ2oqhkJXHPKxH/tRw=",
        "owner": "NixOS",
        "repo": "nixpkgs",
        "rev": "c31898adf5a8ed202ce5bea9f347b1c6871f32d1",
        "type": "github"
      },
      "original": {
        "owner": "NixOS",
        "ref": "nixos-unstable",
        "repo": "nixpkgs",
        "type": "github"
      }
    },
    "nixpkgs-lib": {
      "locked": {
        "dir": "lib",
        "lastModified": 1728241625,
        "narHash": "sha256-yumd4fBc/hi8a9QgA9IT8vlQuLZ2oqhkJXHPKxH/tRw=",
        "owner": "NixOS",
        "repo": "nixpkgs",
        "rev": "c31898adf5a8ed202ce5bea9f347b1c6871f32d1",
        "type": "github"
      },
      "original": {
        "dir": "lib",
        "owner": "NixOS",
        "ref": "nixos-unstable",
        "repo": "nixpkgs",
        "type": "github"
      }
    },
    "nixpkgs-stable": {
      "locked": {
        "lastModified": 1728328465,
        "narHash": "sha256-a0a0M1TmXMK34y3M0cugsmpJ4FJPT/xsblhpiiX1CXo=",
        "owner": "NixOS",
        "repo": "nixpkgs",
        "rev": "1bfbbbe5bbf888d675397c66bfdb275d0b99361c",
        "type": "github"
      },
      "original": {
        "owner": "NixOS",
        "ref": "nixos-24.05",
        "repo": "nixpkgs",
        "type": "github"
      }
    },
    "root": {
      "inputs": {
        "emacs-overlay": "emacs-overlay",
        "flake-parts": "flake-parts",
        "linux-jhovold-6-10": "linux-jhovold-6-10",
        "linux-jhovold-6-11": "linux-jhovold-6-11",
        "nixpkgs": "nixpkgs",
        "nixpkgs-lib": "nixpkgs-lib",
        "rust-overlay": "rust-overlay"
      }
    },
    "rust-overlay": {
      "inputs": {
        "nixpkgs": [
          "nixpkgs"
        ]
      },
      "locked": {
        "lastModified": 1728461096,
        "narHash": "sha256-cd0cXB85B3kGpm+iumP9xCnqFErspXL9Z/2X59kQ6c4=",
        "owner": "oxalica",
        "repo": "rust-overlay",
        "rev": "e310b9bd71fa6c6a9fec0a8cf5af43ce798a0ad6",
        "type": "github"
      },
      "original": {
        "owner": "oxalica",
        "repo": "rust-overlay",
        "type": "github"
      }
    },
    "systems": {
      "locked": {
        "lastModified": 1681028828,
        "narHash": "sha256-Vy1rq5AaRuLzOxct8nz4T6wlgyUR7zLU309k9mBC768=",
        "owner": "nix-systems",
        "repo": "default",
        "rev": "da67096a3b9bf56a91d16901293e51ba5b49a27e",
        "type": "github"
      },
      "original": {
        "owner": "nix-systems",
        "repo": "default",
        "type": "github"
      }
    }
  },
  "root": "root",
  "version": 7
}
